
Microsoft Visual Studio Solution File, Format Version 12.00
# Visual Studio Version 17
VisualStudioVersion = 17.5.33414.496
MinimumVisualStudioVersion = 10.0.40219.1
Project("{FAE04EC0-301F-11D3-BF4B-00C04F79EFBC}") = "ConsoleApp1", "ConsoleApp1.csproj", "{4413086F-0818-4C68-AA4C-F8F7BB5F6724}"
EndProject
Global
	GlobalSection(SolutionConfigurationPlatforms) = preSolution
		Debug|Any CPU = Debug|Any CPU
		Release|Any CPU = Release|Any CPU
	EndGlobalSection
	GlobalSection(ProjectConfigurationPlatforms) = postSolution
		{4413086F-0818-4C68-AA4C-F8F7BB5F6724}.Debug|Any CPU.ActiveCfg = Debug|Any CPU
		{4413086F-0818-4C68-AA4C-F8F7BB5F6724}.Debug|Any CPU.Build.0 = Debug|Any CPU
		{4413086F-0818-4C68-AA4C-F8F7BB5F6724}.Release|Any CPU.ActiveCfg = Release|Any CPU
		{4413086F-0818-4C68-AA4C-F8F7BB5F6724}.Release|Any CPU.Build.0 = Release|Any CPU
	EndGlobalSection
	GlobalSection(SolutionProperties) = preSolution
		HideSolutionNode = FALSE
	EndGlobalSection
	GlobalSection(ExtensibilityGlobals) = postSolution
		SolutionGuid = {2F679EE1-7460-4DE3-ACCA-7AE8034A1197}
	EndGlobalSection
EndGlobal
